tideland.dev/go v0.2.0 h1:JC/dwuqqn8NfU2jTNytDCjzbUTsWFGj1V2XfYJn0MKI=
tideland.dev/go/audit v0.3.0 h1:zUEjdr279z7OE+iFsqz8xQm4KrLRxARmUSg5TzlO2RY=
tideland.dev/go/audit v0.3.0/go.mod h1:iVQWp3A7czp2I4eH9nHERMMqljQRuwqTKuEzxoj9crI=
tideland.dev/go/together v0.0.0-20200110213028-8f143e2737a6 h1:RcwIrnqp20h2CJUVIJj3oHgDbUajmXvR5b4u9yVc3hg=
tideland.dev/go/together v0.0.0-20200110213028-8f143e2737a6/go.mod h1:g+TjCwnKorfsYdJk0XwGYeP3mxSvF1MbnWoQpKk3Y+U=
tideland.dev/go/trace v0.0.0-20200110203012-77bd5be58e01 h1:KKlJTuzV2lnWnnI2dY6loIO1iHxnL9+akHnXrTVY8wc=
tideland.dev/go/trace v0.0.0-20200110203012-77bd5be58e01/go.mod h1:f6HlDKt+dTy8DOdvnKmjcqi9EinZ5IZW/zCpAoPUubs=
